
Microsoft Visual Studio Solution File, Format Version 12.00
# Visual Studio 2017
Project("{FAE04EC0-301F-11D3-BF4B-00C04F79EFBC}") = "NSG", "NSG.csproj", "{696C054A-E0F9-4C23-956F-B28C6A4AFAEC}"
EndProject
Global
	GlobalSection(SolutionConfigurationPlatforms) = preSolution
		Debug|Any CPU = Debug|Any CPU
		Release|Any CPU = Release|Any CPU
	EndGlobalSection
	GlobalSection(ProjectConfigurationPlatforms) = postSolution
		{696C054A-E0F9-4C23-956F-B28C6A4AFAEC}.Debug|Any CPU.ActiveCfg = Debug|Any CPU
		{696C054A-E0F9-4C23-956F-B28C6A4AFAEC}.Debug|Any CPU.Build.0 = Debug|Any CPU
		{696C054A-E0F9-4C23-956F-B28C6A4AFAEC}.Release|Any CPU.ActiveCfg = Release|Any CPU
		{696C054A-E0F9-4C23-956F-B28C6A4AFAEC}.Release|Any CPU.Build.0 = Release|Any CPU
	EndGlobalSection
EndGlobal
